// !$*UTF8*$!
{
	archiveVersion = 1;
	classes = {
	};
	objectVersion = 55;
	objects = {

/* Begin PBXBuildFile section */
		263344F027A6DC360086A5B3 /* SwiftUIUIChallengesApp.swift in Sources */ = {isa = PBXBuildFile; fileRef = 263344E027A6DC340086A5B3 /* SwiftUIUIChallengesApp.swift */; };
		263344F127A6DC360086A5B3 /* SwiftUIUIChallengesApp.swift in Sources */ = {isa = PBXBuildFile; fileRef = 263344E027A6DC340086A5B3 /* SwiftUIUIChallengesApp.swift */; };
		263344F227A6DC360086A5B3 /* ContentView.swift in Sources */ = {isa = PBXBuildFile; fileRef = 263344E127A6DC340086A5B3 /* ContentView.swift */; };
		263344F327A6DC360086A5B3 /* ContentView.swift in Sources */ = {isa = PBXBuildFile; fileRef = 263344E127A6DC340086A5B3 /* ContentView.swift */; };
		263344F427A6DC360086A5B3 /* Assets.xcassets in Resources */ = {isa = PBXBuildFile; fileRef = 263344E227A6DC350086A5B3 /* Assets.xcassets */; };
		263344F527A6DC360086A5B3 /* Assets.xcassets in Resources */ = {isa = PBXBuildFile; fileRef = 263344E227A6DC350086A5B3 /* Assets.xcassets */; };
		263344FF27A6DD1C0086A5B3 /* DayOneView.swift in Sources */ = {isa = PBXBuildFile; fileRef = 263344FE27A6DD1C0086A5B3 /* DayOneView.swift */; };
		2633450027A6DD1C0086A5B3 /* DayOneView.swift in Sources */ = {isa = PBXBuildFile; fileRef = 263344FE27A6DD1C0086A5B3 /* DayOneView.swift */; };
/* End PBXBuildFile section */

/* Begin PBXFileReference section */
		263344E027A6DC340086A5B3 /* SwiftUIUIChallengesApp.swift */ = {isa = PBXFileReference; lastKnownFileType = sourcecode.swift; path = SwiftUIUIChallengesApp.swift; sourceTree = "<group>"; };
		263344E127A6DC340086A5B3 /* ContentView.swift */ = {isa = PBXFileReference; lastKnownFileType = sourcecode.swift; path = ContentView.swift; sourceTree = "<group>"; };
		263344E227A6DC350086A5B3 /* Assets.xcassets */ = {isa = PBXFileReference; lastKnownFileType = folder.assetcatalog; path = Assets.xcassets; sourceTree = "<group>"; };
		263344E727A6DC350086A5B3 /* SwiftUIUIChallenges.app */ = {isa = PBXFileReference; explicitFileType = wrapper.application; includeInIndex = 0; path = SwiftUIUIChallenges.app; sourceTree = BUILT_PRODUCTS_DIR; };
		263344ED27A6DC360086A5B3 /* SwiftUIUIChallenges.app */ = {isa = PBXFileReference; explicitFileType = wrapper.application; includeInIndex = 0; path = SwiftUIUIChallenges.app; sourceTree = BUILT_PRODUCTS_DIR; };
		263344EF27A6DC360086A5B3 /* macOS.entitlements */ = {isa = PBXFileReference; lastKnownFileType = text.plist.entitlements; path = macOS.entitlements; sourceTree = "<group>"; };
		263344FE27A6DD1C0086A5B3 /* DayOneView.swift */ = {isa = PBXFileReference; lastKnownFileType = sourcecode.swift; path = DayOneView.swift; sourceTree = "<group>"; };
/* End PBXFileReference section */

/* Begin PBXFrameworksBuildPhase section */
		263344E427A6DC350086A5B3 /* Frameworks */ = {
			isa = PBXFrameworksBuildPhase;
			buildActionMask = 2147483647;
			files = (
			);
			runOnlyForDeploymentPostprocessing = 0;
		};
		263344EA27A6DC360086A5B3 /* Frameworks */ = {
			isa = PBXFrameworksBuildPhase;
			buildActionMask = 2147483647;
			files = (
			);
			runOnlyForDeploymentPostprocessing = 0;
		};
/* End PBXFrameworksBuildPhase section */

/* Begin PBXGroup section */
		263344DA27A6DC340086A5B3 = {
			isa = PBXGroup;
			children = (
				263344DF27A6DC340086A5B3 /* Shared */,
				263344EE27A6DC360086A5B3 /* macOS */,
				263344E827A6DC350086A5B3 /* Products */,
			);
			sourceTree = "<group>";
		};
		263344DF27A6DC340086A5B3 /* Shared */ = {
			isa = PBXGroup;
			children = (
				263344E227A6DC350086A5B3 /* Assets.xcassets */,
				263344E127A6DC340086A5B3 /* ContentView.swift */,
				263344FE27A6DD1C0086A5B3 /* DayOneView.swift */,
				263344E027A6DC340086A5B3 /* SwiftUIUIChallengesApp.swift */,
			);
			path = Shared;
			sourceTree = "<group>";
		};
		263344E827A6DC350086A5B3 /* Products */ = {
			isa = PBXGroup;
			children = (
				263344E727A6DC350086A5B3 /* SwiftUIUIChallenges.app */,
				263344ED27A6DC360086A5B3 /* SwiftUIUIChallenges.app */,
			);
			name = Products;
			sourceTree = "<group>";
		};
		263344EE27A6DC360086A5B3 /* macOS */ = {
			isa = PBXGroup;
			children = (
				263344EF27A6DC360086A5B3 /* macOS.entitlements */,
			);
			path = macOS;
			sourceTree = "<group>";
		};
/* End PBXGroup section */

/* Begin PBXNativeTarget section */
		263344E627A6DC350086A5B3 /* SwiftUIUIChallenges (iOS) */ = {
			isa = PBXNativeTarget;
			buildConfigurationList = 263344F827A6DC360086A5B3 /* Build configuration list for PBXNativeTarget "SwiftUIUIChallenges (iOS)" */;
			buildPhases = (
				263344E327A6DC350086A5B3 /* Sources */,
				263344E427A6DC350086A5B3 /* Frameworks */,
				263344E527A6DC350086A5B3 /* Resources */,
			);
			buildRules = (
			);
			dependencies = (
			);
			name = "SwiftUIUIChallenges (iOS)";
			productName = "SwiftUIUIChallenges (iOS)";
			productReference = 263344E727A6DC350086A5B3 /* SwiftUIUIChallenges.app */;
			productType = "com.apple.product-type.application";
		};
		263344EC27A6DC360086A5B3 /* SwiftUIUIChallenges (macOS) */ = {
			isa = PBXNativeTarget;
			buildConfigurationList = 263344FB27A6DC360086A5B3 /* Build configuration list for PBXNativeTarget "SwiftUIUIChallenges (macOS)" */;
			buildPhases = (
				263344E927A6DC360086A5B3 /* Sources */,
				263344EA27A6DC360086A5B3 /* Frameworks */,
				263344EB27A6DC360086A5B3 /* Resources */,
			);
			buildRules = (
			);
			dependencies = (
			);
			name = "SwiftUIUIChallenges (macOS)";
			productName = "SwiftUIUIChallenges (macOS)";
			productReference = 263344ED27A6DC360086A5B3 /* SwiftUIUIChallenges.app */;
			productType = "com.apple.product-type.application";
		};
/* End PBXNativeTarget section */

/* Begin PBXProject section */
		263344DB27A6DC340086A5B3 /* Project object */ = {
			isa = PBXProject;
			attributes = {
				BuildIndependentTargetsInParallel = 1;
				LastSwiftUpdateCheck = 1320;
				LastUpgradeCheck = 1320;
				TargetAttributes = {
					263344E627A6DC350086A5B3 = {
						CreatedOnToolsVersion = 13.2.1;
					};
					263344EC27A6DC360086A5B3 = {
						CreatedOnToolsVersion = 13.2.1;
					};
				};
			};
			buildConfigurationList = 263344DE27A6DC340086A5B3 /* Build configuration list for PBXProject "SwiftUIUIChallenges" */;
			compatibilityVersion = "Xcode 13.0";
			developmentRegion = en;
			hasScannedForEncodings = 0;
			knownRegions = (
				en,
				Base,
			);
			mainGroup = 263344DA27A6DC340086A5B3;
			productRefGroup = 263344E827A6DC350086A5B3 /* Products */;
			projectDirPath = "";
			projectRoot = "";
			targets = (
				263344E627A6DC350086A5B3 /* SwiftUIUIChallenges (iOS) */,
				263344EC27A6DC360086A5B3 /* SwiftUIUIChallenges (macOS) */,
			);
		};
/* End PBXProject section */

/* Begin PBXResourcesBuildPhase section */
		263344E527A6DC350086A5B3 /* Resources */ = {
			isa = PBXResourcesBuildPhase;
			buildActionMask = 2147483647;
			files = (
				263344F427A6DC360086A5B3 /* Assets.xcassets in Resources */,
			);
			runOnlyForDeploymentPostprocessing = 0;
		};
		263344EB27A6DC360086A5B3 /* Resources */ = {
			isa = PBXResourcesBuildPhase;
			buildActionMask = 2147483647;
			files = (
				263344F527A6DC360086A5B3 /* Assets.xcassets in Resources */,
			);
			runOnlyForDeploymentPostprocessing = 0;
		};
/* End PBXResourcesBuildPhase section */

/* Begin PBXSourcesBuildPhase section */
		263344E327A6DC350086A5B3 /* Sources */ = {
			isa = PBXSourcesBuildPhase;
			buildActionMask = 2147483647;
			files = (
				263344F227A6DC360086A5B3 /* ContentView.swift in Sources */,
				263344F027A6DC360086A5B3 /* SwiftUIUIChallengesApp.swift in Sources */,
				263344FF27A6DD1C0086A5B3 /* DayOneView.swift in Sources */,
			);
			runOnlyForDeploymentPostprocessing = 0;
		};
		263344E927A6DC360086A5B3 /* Sources */ = {
			isa = PBXSourcesBuildPhase;
			buildActionMask = 2147483647;
			files = (
				263344F327A6DC360086A5B3 /* ContentView.swift in Sources */,
				263344F127A6DC360086A5B3 /* SwiftUIUIChallengesApp.swift in Sources */,
				2633450027A6DD1C0086A5B3 /* DayOneView.swift in Sources */,
			);
			runOnlyForDeploymentPostprocessing = 0;
		};
/* End PBXSourcesBuildPhase section */

/* Begin XCBuildConfiguration section */
		263344F627A6DC360086A5B3 /* Debug */ = {
			isa = XCBuildConfiguration;
			buildSettings = {
				ALWAYS_SEARCH_USER_PATHS = NO;
				CLANG_ANALYZER_NONNULL = YES;
				CLANG_ANALYZER_NUMBER_OBJECT_CONVERSION = YES_AGGRESSIVE;
				CLANG_CXX_LANGUAGE_STANDARD = "gnu++17";
				CLANG_CXX_LIBRARY = "libc++";
				CLANG_ENABLE_MODULES = YES;
				CLANG_ENABLE_OBJC_ARC = YES;
				CLANG_ENABLE_OBJC_WEAK = YES;
				CLANG_WARN_BLOCK_CAPTURE_AUTORELEASING = YES;
				CLANG_WARN_BOOL_CONVERSION = YES;
				CLANG_WARN_COMMA = YES;
				CLANG_WARN_CONSTANT_CONVERSION = YES;
				CLANG_WARN_DEPRECATED_OBJC_IMPLEMENTATIONS = YES;
				CLANG_WARN_DIRECT_OBJC_ISA_USAGE = YES_ERROR;
				CLANG_WARN_DOCUMENTATION_COMMENTS = YES;
				CLANG_WARN_EMPTY_BODY = YES;
				CLANG_WARN_ENUM_CONVERSION = YES;
				CLANG_WARN_INFINITE_RECURSION = YES;
				CLANG_WARN_INT_CONVERSION = YES;
				CLANG_WARN_NON_LITERAL_NULL_CONVERSION = YES;
				CLANG_WARN_OBJC_IMPLICIT_RETAIN_SELF = YES;
				CLANG_WARN_OBJC_LITERAL_CONVERSION = YES;
				CLANG_WARN_OBJC_ROOT_CLASS = YES_ERROR;
				CLANG_WARN_QUOTED_INCLUDE_IN_FRAMEWORK_HEADER = YES;
				CLANG_WARN_RANGE_LOOP_ANALYSIS = YES;
				CLANG_WARN_STRICT_PROTOTYPES = YES;
				CLANG_WARN_SUSPICIOUS_MOVE = YES;
				CLANG_WARN_UNGUARDED_AVAILABILITY = YES_AGGRESSIVE;
				CLANG_WARN_UNREACHABLE_CODE = YES;
				CLANG_WARN__DUPLICATE_METHOD_MATCH = YES;
				COPY_PHASE_STRIP = NO;
				DEBUG_INFORMATION_FORMAT = dwarf;
				ENABLE_STRICT_OBJC_MSGSEND = YES;
				ENABLE_TESTABILITY = YES;
				GCC_C_LANGUAGE_STANDARD = gnu11;
				GCC_DYNAMIC_NO_PIC = NO;
				GCC_NO_COMMON_BLOCKS = YES;
				GCC_OPTIMIZATION_LEVEL = 0;
				GCC_PREPROCESSOR_DEFINITIONS = (
					"DEBUG=1",
					"$(inherited)",
				);
				GCC_WARN_64_TO_32_BIT_CONVERSION = YES;
				GCC_WARN_ABOUT_RETURN_TYPE = YES_ERROR;
				GCC_WARN_UNDECLARED_SELECTOR = YES;
				GCC_WARN_UNINITIALIZED_AUTOS = YES_AGGRESSIVE;
				GCC_WARN_UNUSED_FUNCTION = YES;
				GCC_WARN_UNUSED_VARIABLE = YES;
				MTL_ENABLE_DEBUG_INFO = INCLUDE_SOURCE;
				MTL_FAST_MATH = YES;
				ONLY_ACTIVE_ARCH = YES;
				SWIFT_ACTIVE_COMPILATION_CONDITIONS = DEBUG;
				SWIFT_OPTIMIZATION_LEVEL = "-Onone";
			};
			name = Debug;
		};
		263344F727A6DC360086A5B3 /* Release */ = {
			isa = XCBuildConfiguration;
			buildSettings = {
				ALWAYS_SEARCH_USER_PATHS = NO;
				CLANG_ANALYZER_NONNULL = YES;
				CLANG_ANALYZER_NUMBER_OBJECT_CONVERSION = YES_AGGRESSIVE;
				CLANG_CXX_LANGUAGE_STANDARD = "gnu++17";
				CLANG_CXX_LIBRARY = "libc++";
				CLANG_ENABLE_MODULES = YES;
				CLANG_ENABLE_OBJC_ARC = YES;
				CLANG_ENABLE_OBJC_WEAK = YES;
				CLANG_WARN_BLOCK_CAPTURE_AUTORELEASING = YES;
				CLANG_WARN_BOOL_CONVERSION = YES;
				CLANG_WARN_COMMA = YES;
				CLANG_WARN_CONSTANT_CONVERSION = YES;
				CLANG_WARN_DEPRECATED_OBJC_IMPLEMENTATIONS = YES;
				CLANG_WARN_DIRECT_OBJC_ISA_USAGE = YES_ERROR;
				CLANG_WARN_DOCUMENTATION_COMMENTS = YES;
				CLANG_WARN_EMPTY_BODY = YES;
				CLANG_WARN_ENUM_CONVERSION = YES;
				CLANG_WARN_INFINITE_RECURSION = YES;
				CLANG_WARN_INT_CONVERSION = YES;
				CLANG_WARN_NON_LITERAL_NULL_CONVERSION = YES;
				CLANG_WARN_OBJC_IMPLICIT_RETAIN_SELF = YES;
				CLANG_WARN_OBJC_LITERAL_CONVERSION = YES;
				CLANG_WARN_OBJC_ROOT_CLASS = YES_ERROR;
				CLANG_WARN_QUOTED_INCLUDE_IN_FRAMEWORK_HEADER = YES;
				CLANG_WARN_RANGE_LOOP_ANALYSIS = YES;
				CLANG_WARN_STRICT_PROTOTYPES = YES;
				CLANG_WARN_SUSPICIOUS_MOVE = YES;
				CLANG_WARN_UNGUARDED_AVAILABILITY = YES_AGGRESSIVE;
				CLANG_WARN_UNREACHABLE_CODE = YES;
				CLANG_WARN__DUPLICATE_METHOD_MATCH = YES;
				COPY_PHASE_STRIP = NO;
				DEBUG_INFORMATION_FORMAT = "dwarf-with-dsym";
				ENABLE_NS_ASSERTIONS = NO;
				ENABLE_STRICT_OBJC_MSGSEND = YES;
				GCC_C_LANGUAGE_STANDARD = gnu11;
				GCC_NO_COMMON_BLOCKS = YES;
				GCC_WARN_64_TO_32_BIT_CONVERSION = YES;
				GCC_WARN_ABOUT_RETURN_TYPE = YES_ERROR;
				GCC_WARN_UNDECLARED_SELECTOR = YES;
				GCC_WARN_UNINITIALIZED_AUTOS = YES_AGGRESSIVE;
				GCC_WARN_UNUSED_FUNCTION = YES;
				GCC_WARN_UNUSED_VARIABLE = YES;
				MTL_ENABLE_DEBUG_INFO = NO;
				MTL_FAST_MATH = YES;
				SWIFT_COMPILATION_MODE = wholemodule;
				SWIFT_OPTIMIZATION_LEVEL = "-O";
			};
			name = Release;
		};
		263344F927A6DC360086A5B3 /* Debug */ = {
			isa = XCBuildConfiguration;
			buildSettings = {
				ASSETCATALOG_COMPILER_APPICON_NAME = AppIcon;
				ASSETCATALOG_COMPILER_GLOBAL_ACCENT_COLOR_NAME = AccentColor;
				CODE_SIGN_STYLE = Automatic;
				CURRENT_PROJECT_VERSION = 1;
				DEVELOPMENT_TEAM = PG38Z7C9FC;
				ENABLE_PREVIEWS = YES;
				GENERATE_INFOPLIST_FILE = YES;
				INFOPLIST_KEY_UIApplicationSceneManifest_Generation = YES;
				INFOPLIST_KEY_UIApplicationSupportsIndirectInputEvents = YES;
				INFOPLIST_KEY_UILaunchScreen_Generation = YES;
				INFOPLIST_KEY_UISupportedInterfaceOrientations_iPad = "UIInterfaceOrientationPortrait UIInterfaceOrientationPortraitUpsideDown UIInterfaceOrientationLandscapeLeft UIInterfaceOrientationLandscapeRight";
				INFOPLIST_KEY_UISupportedInterfaceOrientations_iPhone = "UIInterfaceOrientationPortrait UIInterfaceOrientationLandscapeLeft UIInterfaceOrientationLandscapeRight";
				IPHONEOS_DEPLOYMENT_TARGET = 15.2;
				LD_RUNPATH_SEARCH_PATHS = (
					"$(inherited)",
					"@executable_path/Frameworks",
				);
				MARKETING_VERSION = 1.0;
				PRODUCT_BUNDLE_IDENTIFIER = wms.SwiftUIUIChallenges;
				PRODUCT_NAME = SwiftUIUIChallenges;
				SDKROOT = iphoneos;
				SWIFT_EMIT_LOC_STRINGS = YES;
				SWIFT_VERSION = 5.0;
				TARGETED_DEVICE_FAMILY = "1,2";
			};
			name = Debug;
		};
		263344FA27A6DC360086A5B3 /* Release */ = {
			isa = XCBuildConfiguration;
			buildSettings = {
				ASSETCATALOG_COMPILER_APPICON_NAME = AppIcon;
				ASSETCATALOG_COMPILER_GLOBAL_ACCENT_COLOR_NAME = AccentColor;
				CODE_SIGN_STYLE = Automatic;
				CURRENT_PROJECT_VERSION = 1;
				DEVELOPMENT_TEAM = PG38Z7C9FC;
				ENABLE_PREVIEWS = YES;
				GENERATE_INFOPLIST_FILE = YES;
				INFOPLIST_KEY_UIApplicationSceneManifest_Generation = YES;
				INFOPLIST_KEY_UIApplicationSupportsIndirectInputEvents = YES;
				INFOPLIST_KEY_UILaunchScreen_Generation = YES;
				INFOPLIST_KEY_UISupportedInterfaceOrientations_iPad = "UIInterfaceOrientationPortrait UIInterfaceOrientationPortraitUpsideDown UIInterfaceOrientationLandscapeLeft UIInterfaceOrientationLandscapeRight";
				INFOPLIST_KEY_UISupportedInterfaceOrientations_iPhone = "UIInterfaceOrientationPortrait UIInterfaceOrientationLandscapeLeft UIInterfaceOrientationLandscapeRight";
				IPHONEOS_DEPLOYMENT_TARGET = 15.2;
				LD_RUNPATH_SEARCH_PATHS = (
					"$(inherited)",
					"@executable_path/Frameworks",
				);
				MARKETING_VERSION = 1.0;
				PRODUCT_BUNDLE_IDENTIFIER = wms.SwiftUIUIChallenges;
				PRODUCT_NAME = SwiftUIUIChallenges;
				SDKROOT = iphoneos;
				SWIFT_EMIT_LOC_STRINGS = YES;
				SWIFT_VERSION = 5.0;
				TARGETED_DEVICE_FAMILY = "1,2";
				VALIDATE_PRODUCT = YES;
			};
			name = Release;
		};
		263344FC27A6DC360086A5B3 /* Debug */ = {
			isa = XCBuildConfiguration;
			buildSettings = {
				ASSETCATALOG_COMPILER_APPICON_NAME = AppIcon;
				ASSETCATALOG_COMPILER_GLOBAL_ACCENT_COLOR_NAME = AccentColor;
				CODE_SIGN_ENTITLEMENTS = macOS/macOS.entitlements;
				CODE_SIGN_STYLE = Automatic;
				COMBINE_HIDPI_IMAGES = YES;
				CURRENT_PROJECT_VERSION = 1;
				DEVELOPMENT_TEAM = PG38Z7C9FC;
				ENABLE_HARDENED_RUNTIME = YES;
				ENABLE_PREVIEWS = YES;
				GENERATE_INFOPLIST_FILE = YES;
				INFOPLIST_KEY_NSHumanReadableCopyright = "";
				LD_RUNPATH_SEARCH_PATHS = (
					"$(inherited)",
					"@executable_path/../Frameworks",
				);
				MACOSX_DEPLOYMENT_TARGET = 12.1;
				MARKETING_VERSION = 1.0;
				PRODUCT_BUNDLE_IDENTIFIER = wms.SwiftUIUIChallenges;
				PRODUCT_NAME = SwiftUIUIChallenges;
				SDKROOT = macosx;
				SWIFT_EMIT_LOC_STRINGS = YES;
				SWIFT_VERSION = 5.0;
			};
			name = Debug;
		};
		263344FD27A6DC360086A5B3 /* Release */ = {
			isa = XCBuildConfiguration;
			buildSettings = {
				ASSETCATALOG_COMPILER_APPICON_NAME = AppIcon;
				ASSETCATALOG_COMPILER_GLOBAL_ACCENT_COLOR_NAME = AccentColor;
				CODE_SIGN_ENTITLEMENTS = macOS/macOS.entitlements;
				CODE_SIGN_STYLE = Automatic;
				COMBINE_HIDPI_IMAGES = YES;
				CURRENT_PROJECT_VERSION = 1;
				DEVELOPMENT_TEAM = PG38Z7C9FC;
				ENABLE_HARDENED_RUNTIME = YES;
				ENABLE_PREVIEWS = YES;
				GENERATE_INFOPLIST_FILE = YES;
				INFOPLIST_KEY_NSHumanReadableCopyright = "";
				LD_RUNPATH_SEARCH_PATHS = (
					"$(inherited)",
					"@executable_path/../Frameworks",
				);
				MACOSX_DEPLOYMENT_TARGET = 12.1;
				MARKETING_VERSION = 1.0;
				PRODUCT_BUNDLE_IDENTIFIER = wms.SwiftUIUIChallenges;
				PRODUCT_NAME = SwiftUIUIChallenges;
				SDKROOT = macosx;
				SWIFT_EMIT_LOC_STRINGS = YES;
				SWIFT_VERSION = 5.0;
			};
			name = Release;
		};
/* End XCBuildConfiguration section */

/* Begin XCConfigurationList section */
		263344DE27A6DC340086A5B3 /* Build configuration list for PBXProject "SwiftUIUIChallenges" */ = {
			isa = XCConfigurationList;
			buildConfigurations = (
				263344F627A6DC360086A5B3 /* Debug */,
				263344F727A6DC360086A5B3 /* Release */,
			);
			defaultConfigurationIsVisible = 0;
			defaultConfigurationName = Release;
		};
		263344F827A6DC360086A5B3 /* Build configuration list for PBXNativeTarget "SwiftUIUIChallenges (iOS)" */ = {
			isa = XCConfigurationList;
			buildConfigurations = (
				263344F927A6DC360086A5B3 /* Debug */,
				263344FA27A6DC360086A5B3 /* Release */,
			);
			defaultConfigurationIsVisible = 0;
			defaultConfigurationName = Release;
		};
		263344FB27A6DC360086A5B3 /* Build configuration list for PBXNativeTarget "SwiftUIUIChallenges (macOS)" */ = {
			isa = XCConfigurationList;
			buildConfigurations = (
				263344FC27A6DC360086A5B3 /* Debug */,
				263344FD27A6DC360086A5B3 /* Release */,
			);
			defaultConfigurationIsVisible = 0;
			defaultConfigurationName = Release;
		};
/* End XCConfigurationList section */
	};
	rootObject = 263344DB27A6DC340086A5B3 /* Project object */;
}
