// !$*UTF8*$!
{
	archiveVersion = 1;
	classes = {
	};
	objectVersion = 55;
	objects = {

/* Begin PBXBuildFile section */
		26066F6D292E6480009F8B81 /* SwiftUIUIChallengesUITests.swift in Sources */ = {isa = PBXBuildFile; fileRef = 26066F6C292E6480009F8B81 /* SwiftUIUIChallengesUITests.swift */; };
		26066F76292E6F7C009F8B81 /* FoodDetailView.swift in Sources */ = {isa = PBXBuildFile; fileRef = 26066F75292E6F7C009F8B81 /* FoodDetailView.swift */; };
		26066F77292E6F7C009F8B81 /* FoodDetailView.swift in Sources */ = {isa = PBXBuildFile; fileRef = 26066F75292E6F7C009F8B81 /* FoodDetailView.swift */; };
		260CABDF290BFF5600E93869 /* Poppins-Bold.ttf in Resources */ = {isa = PBXBuildFile; fileRef = 260CABDC290BFF5600E93869 /* Poppins-Bold.ttf */; };
		260CABE0290BFF5600E93869 /* Poppins-Bold.ttf in Resources */ = {isa = PBXBuildFile; fileRef = 260CABDC290BFF5600E93869 /* Poppins-Bold.ttf */; };
		260CABE1290BFF5600E93869 /* Poppins-Regular.ttf in Resources */ = {isa = PBXBuildFile; fileRef = 260CABDD290BFF5600E93869 /* Poppins-Regular.ttf */; };
		260CABE2290BFF5600E93869 /* Poppins-Regular.ttf in Resources */ = {isa = PBXBuildFile; fileRef = 260CABDD290BFF5600E93869 /* Poppins-Regular.ttf */; };
		260CABE3290BFF5600E93869 /* Poppins-SemiBold.ttf in Resources */ = {isa = PBXBuildFile; fileRef = 260CABDE290BFF5600E93869 /* Poppins-SemiBold.ttf */; };
		260CABE4290BFF5600E93869 /* Poppins-SemiBold.ttf in Resources */ = {isa = PBXBuildFile; fileRef = 260CABDE290BFF5600E93869 /* Poppins-SemiBold.ttf */; };
		260CABE7290BFFC100E93869 /* Theme.swift in Sources */ = {isa = PBXBuildFile; fileRef = 260CABE6290BFFC100E93869 /* Theme.swift */; };
		260CABE8290BFFC100E93869 /* Theme.swift in Sources */ = {isa = PBXBuildFile; fileRef = 260CABE6290BFFC100E93869 /* Theme.swift */; };
		260CABED290C05DE00E93869 /* CategoryBarView.swift in Sources */ = {isa = PBXBuildFile; fileRef = 260CABEC290C05DE00E93869 /* CategoryBarView.swift */; };
		260CABEE290C05DE00E93869 /* CategoryBarView.swift in Sources */ = {isa = PBXBuildFile; fileRef = 260CABEC290C05DE00E93869 /* CategoryBarView.swift */; };
		260CABF0290C0A2C00E93869 /* FoodRow.swift in Sources */ = {isa = PBXBuildFile; fileRef = 260CABEF290C0A2C00E93869 /* FoodRow.swift */; };
		260CABF1290C0A2C00E93869 /* FoodRow.swift in Sources */ = {isa = PBXBuildFile; fileRef = 260CABEF290C0A2C00E93869 /* FoodRow.swift */; };
		260CABF3290DB22900E93869 /* CompositionalView.swift in Sources */ = {isa = PBXBuildFile; fileRef = 260CABF2290DB22900E93869 /* CompositionalView.swift */; };
		260CABF4290DB22900E93869 /* CompositionalView.swift in Sources */ = {isa = PBXBuildFile; fileRef = 260CABF2290DB22900E93869 /* CompositionalView.swift */; };
		260CABF6290DBC5700E93869 /* AdaptiveView.swift in Sources */ = {isa = PBXBuildFile; fileRef = 260CABF5290DBC5700E93869 /* AdaptiveView.swift */; };
		260CABF7290DBC5700E93869 /* AdaptiveView.swift in Sources */ = {isa = PBXBuildFile; fileRef = 260CABF5290DBC5700E93869 /* AdaptiveView.swift */; };
		263344F027A6DC360086A5B3 /* SwiftUIUIChallengesApp.swift in Sources */ = {isa = PBXBuildFile; fileRef = 263344E027A6DC340086A5B3 /* SwiftUIUIChallengesApp.swift */; };
		263344F127A6DC360086A5B3 /* SwiftUIUIChallengesApp.swift in Sources */ = {isa = PBXBuildFile; fileRef = 263344E027A6DC340086A5B3 /* SwiftUIUIChallengesApp.swift */; };
		263344F227A6DC360086A5B3 /* ContentView.swift in Sources */ = {isa = PBXBuildFile; fileRef = 263344E127A6DC340086A5B3 /* ContentView.swift */; };
		263344F327A6DC360086A5B3 /* ContentView.swift in Sources */ = {isa = PBXBuildFile; fileRef = 263344E127A6DC340086A5B3 /* ContentView.swift */; };
		263344F427A6DC360086A5B3 /* Assets.xcassets in Resources */ = {isa = PBXBuildFile; fileRef = 263344E227A6DC350086A5B3 /* Assets.xcassets */; };
		263344F527A6DC360086A5B3 /* Assets.xcassets in Resources */ = {isa = PBXBuildFile; fileRef = 263344E227A6DC350086A5B3 /* Assets.xcassets */; };
		263344FF27A6DD1C0086A5B3 /* DayOneView.swift in Sources */ = {isa = PBXBuildFile; fileRef = 263344FE27A6DD1C0086A5B3 /* DayOneView.swift */; };
		2633450027A6DD1C0086A5B3 /* DayOneView.swift in Sources */ = {isa = PBXBuildFile; fileRef = 263344FE27A6DD1C0086A5B3 /* DayOneView.swift */; };
		2652193F292F84FA001E070B /* FoodMainView.swift in Sources */ = {isa = PBXBuildFile; fileRef = 26A4D29B28EC39B900FB785A /* FoodMainView.swift */; };
		26521940292F8501001E070B /* CustomLayout.swift in Sources */ = {isa = PBXBuildFile; fileRef = 26E6455A291FB8EA00B23E8E /* CustomLayout.swift */; };
		26521941292F8508001E070B /* ColorExtension.swift in Sources */ = {isa = PBXBuildFile; fileRef = 26C4090328EC3AF20064F435 /* ColorExtension.swift */; };
		26521942292F85A1001E070B /* MovieHomeView.swift in Sources */ = {isa = PBXBuildFile; fileRef = 26688C6327FF5DF8005FC995 /* MovieHomeView.swift */; };
		26521943292F85B6001E070B /* SnapCarousel.swift in Sources */ = {isa = PBXBuildFile; fileRef = 26688C6527FF61A8005FC995 /* SnapCarousel.swift */; };
		26521944292F85C7001E070B /* Movie.swift in Sources */ = {isa = PBXBuildFile; fileRef = 26688C5F27FF5C5C005FC995 /* Movie.swift */; };
		26521947292FA254001E070B /* Poppins-Light.ttf in Resources */ = {isa = PBXBuildFile; fileRef = 26521946292FA254001E070B /* Poppins-Light.ttf */; };
		26521948292FA254001E070B /* Poppins-Light.ttf in Resources */ = {isa = PBXBuildFile; fileRef = 26521946292FA254001E070B /* Poppins-Light.ttf */; };
		2652194A292FB95C001E070B /* ObservableScrollView.swift in Sources */ = {isa = PBXBuildFile; fileRef = 26521949292FB95C001E070B /* ObservableScrollView.swift */; };
		2652194B292FB95C001E070B /* ObservableScrollView.swift in Sources */ = {isa = PBXBuildFile; fileRef = 26521949292FB95C001E070B /* ObservableScrollView.swift */; };
		26688C6027FF5C5C005FC995 /* Movie.swift in Sources */ = {isa = PBXBuildFile; fileRef = 26688C5F27FF5C5C005FC995 /* Movie.swift */; };
		26688C6427FF5DF8005FC995 /* MovieHomeView.swift in Sources */ = {isa = PBXBuildFile; fileRef = 26688C6327FF5DF8005FC995 /* MovieHomeView.swift */; };
		26688C6627FF61A8005FC995 /* SnapCarousel.swift in Sources */ = {isa = PBXBuildFile; fileRef = 26688C6527FF61A8005FC995 /* SnapCarousel.swift */; };
		26A4D29C28EC39B900FB785A /* FoodMainView.swift in Sources */ = {isa = PBXBuildFile; fileRef = 26A4D29B28EC39B900FB785A /* FoodMainView.swift */; };
		26C4090428EC3AF20064F435 /* ColorExtension.swift in Sources */ = {isa = PBXBuildFile; fileRef = 26C4090328EC3AF20064F435 /* ColorExtension.swift */; };
		26E64557291FB00300B23E8E /* TagView.swift in Sources */ = {isa = PBXBuildFile; fileRef = 26E64556291FB00300B23E8E /* TagView.swift */; };
		26E64559291FB3B500B23E8E /* TagView.swift in Sources */ = {isa = PBXBuildFile; fileRef = 26E64556291FB00300B23E8E /* TagView.swift */; };
		26E6455B291FB8EA00B23E8E /* CustomLayout.swift in Sources */ = {isa = PBXBuildFile; fileRef = 26E6455A291FB8EA00B23E8E /* CustomLayout.swift */; };
/* End PBXBuildFile section */

/* Begin PBXContainerItemProxy section */
		26066F70292E6480009F8B81 /* PBXContainerItemProxy */ = {
			isa = PBXContainerItemProxy;
			containerPortal = 263344DB27A6DC340086A5B3 /* Project object */;
			proxyType = 1;
			remoteGlobalIDString = 263344E627A6DC350086A5B3;
			remoteInfo = "SwiftUIUIChallenges (iOS)";
		};
/* End PBXContainerItemProxy section */

/* Begin PBXFileReference section */
		26066F6A292E6480009F8B81 /* SwiftUIUIChallengesUITests.xctest */ = {isa = PBXFileReference; explicitFileType = wrapper.cfbundle; includeInIndex = 0; path = SwiftUIUIChallengesUITests.xctest; sourceTree = BUILT_PRODUCTS_DIR; };
		26066F6C292E6480009F8B81 /* SwiftUIUIChallengesUITests.swift */ = {isa = PBXFileReference; lastKnownFileType = sourcecode.swift; path = SwiftUIUIChallengesUITests.swift; sourceTree = "<group>"; };
		26066F75292E6F7C009F8B81 /* FoodDetailView.swift */ = {isa = PBXFileReference; lastKnownFileType = sourcecode.swift; path = FoodDetailView.swift; sourceTree = "<group>"; usesTabs = 0; };
		260CABDC290BFF5600E93869 /* Poppins-Bold.ttf */ = {isa = PBXFileReference; lastKnownFileType = file; path = "Poppins-Bold.ttf"; sourceTree = "<group>"; };
		260CABDD290BFF5600E93869 /* Poppins-Regular.ttf */ = {isa = PBXFileReference; lastKnownFileType = file; path = "Poppins-Regular.ttf"; sourceTree = "<group>"; };
		260CABDE290BFF5600E93869 /* Poppins-SemiBold.ttf */ = {isa = PBXFileReference; lastKnownFileType = file; path = "Poppins-SemiBold.ttf"; sourceTree = "<group>"; };
		260CABE5290BFF6F00E93869 /* SwiftUIUIChallenges--iOS--Info.plist */ = {isa = PBXFileReference; lastKnownFileType = text.plist; path = "SwiftUIUIChallenges--iOS--Info.plist"; sourceTree = "<group>"; };
		260CABE6290BFFC100E93869 /* Theme.swift */ = {isa = PBXFileReference; lastKnownFileType = sourcecode.swift; path = Theme.swift; sourceTree = "<group>"; };
		260CABEC290C05DE00E93869 /* CategoryBarView.swift */ = {isa = PBXFileReference; lastKnownFileType = sourcecode.swift; path = CategoryBarView.swift; sourceTree = "<group>"; };
		260CABEF290C0A2C00E93869 /* FoodRow.swift */ = {isa = PBXFileReference; lastKnownFileType = sourcecode.swift; path = FoodRow.swift; sourceTree = "<group>"; };
		260CABF2290DB22900E93869 /* CompositionalView.swift */ = {isa = PBXFileReference; lastKnownFileType = sourcecode.swift; path = CompositionalView.swift; sourceTree = "<group>"; };
		260CABF5290DBC5700E93869 /* AdaptiveView.swift */ = {isa = PBXFileReference; lastKnownFileType = sourcecode.swift; path = AdaptiveView.swift; sourceTree = "<group>"; };
		263344E027A6DC340086A5B3 /* SwiftUIUIChallengesApp.swift */ = {isa = PBXFileReference; lastKnownFileType = sourcecode.swift; path = SwiftUIUIChallengesApp.swift; sourceTree = "<group>"; };
		263344E127A6DC340086A5B3 /* ContentView.swift */ = {isa = PBXFileReference; lastKnownFileType = sourcecode.swift; path = ContentView.swift; sourceTree = "<group>"; };
		263344E227A6DC350086A5B3 /* Assets.xcassets */ = {isa = PBXFileReference; lastKnownFileType = folder.assetcatalog; path = Assets.xcassets; sourceTree = "<group>"; };
		263344E727A6DC350086A5B3 /* SwiftUIUIChallenges.app */ = {isa = PBXFileReference; explicitFileType = wrapper.application; includeInIndex = 0; path = SwiftUIUIChallenges.app; sourceTree = BUILT_PRODUCTS_DIR; };
		263344ED27A6DC360086A5B3 /* SwiftUIUIChallenges.app */ = {isa = PBXFileReference; explicitFileType = wrapper.application; includeInIndex = 0; path = SwiftUIUIChallenges.app; sourceTree = BUILT_PRODUCTS_DIR; };
		263344EF27A6DC360086A5B3 /* macOS.entitlements */ = {isa = PBXFileReference; lastKnownFileType = text.plist.entitlements; path = macOS.entitlements; sourceTree = "<group>"; };
		263344FE27A6DD1C0086A5B3 /* DayOneView.swift */ = {isa = PBXFileReference; lastKnownFileType = sourcecode.swift; path = DayOneView.swift; sourceTree = "<group>"; };
		26521946292FA254001E070B /* Poppins-Light.ttf */ = {isa = PBXFileReference; lastKnownFileType = file; path = "Poppins-Light.ttf"; sourceTree = "<group>"; };
		26521949292FB95C001E070B /* ObservableScrollView.swift */ = {isa = PBXFileReference; lastKnownFileType = sourcecode.swift; path = ObservableScrollView.swift; sourceTree = "<group>"; };
		26688C5F27FF5C5C005FC995 /* Movie.swift */ = {isa = PBXFileReference; lastKnownFileType = sourcecode.swift; path = Movie.swift; sourceTree = "<group>"; };
		26688C6327FF5DF8005FC995 /* MovieHomeView.swift */ = {isa = PBXFileReference; lastKnownFileType = sourcecode.swift; path = MovieHomeView.swift; sourceTree = "<group>"; };
		26688C6527FF61A8005FC995 /* SnapCarousel.swift */ = {isa = PBXFileReference; lastKnownFileType = sourcecode.swift; path = SnapCarousel.swift; sourceTree = "<group>"; };
		26A4D29B28EC39B900FB785A /* FoodMainView.swift */ = {isa = PBXFileReference; lastKnownFileType = sourcecode.swift; path = FoodMainView.swift; sourceTree = "<group>"; };
		26C4090328EC3AF20064F435 /* ColorExtension.swift */ = {isa = PBXFileReference; lastKnownFileType = sourcecode.swift; path = ColorExtension.swift; sourceTree = "<group>"; };
		26E64556291FB00300B23E8E /* TagView.swift */ = {isa = PBXFileReference; lastKnownFileType = sourcecode.swift; path = TagView.swift; sourceTree = "<group>"; };
		26E6455A291FB8EA00B23E8E /* CustomLayout.swift */ = {isa = PBXFileReference; lastKnownFileType = sourcecode.swift; path = CustomLayout.swift; sourceTree = "<group>"; };
/* End PBXFileReference section */

/* Begin PBXFrameworksBuildPhase section */
		26066F67292E6480009F8B81 /* Frameworks */ = {
			isa = PBXFrameworksBuildPhase;
			buildActionMask = 2147483647;
			files = (
			);
			runOnlyForDeploymentPostprocessing = 0;
		};
		263344E427A6DC350086A5B3 /* Frameworks */ = {
			isa = PBXFrameworksBuildPhase;
			buildActionMask = 2147483647;
			files = (
			);
			runOnlyForDeploymentPostprocessing = 0;
		};
		263344EA27A6DC360086A5B3 /* Frameworks */ = {
			isa = PBXFrameworksBuildPhase;
			buildActionMask = 2147483647;
			files = (
			);
			runOnlyForDeploymentPostprocessing = 0;
		};
/* End PBXFrameworksBuildPhase section */

/* Begin PBXGroup section */
		26066F6B292E6480009F8B81 /* SwiftUIUIChallengesUITests */ = {
			isa = PBXGroup;
			children = (
				26066F6C292E6480009F8B81 /* SwiftUIUIChallengesUITests.swift */,
			);
			path = SwiftUIUIChallengesUITests;
			sourceTree = "<group>";
		};
		260CABDB290BFF2500E93869 /* Fonts */ = {
			isa = PBXGroup;
			children = (
				26521946292FA254001E070B /* Poppins-Light.ttf */,
				260CABDC290BFF5600E93869 /* Poppins-Bold.ttf */,
				260CABDD290BFF5600E93869 /* Poppins-Regular.ttf */,
				260CABDE290BFF5600E93869 /* Poppins-SemiBold.ttf */,
			);
			path = Fonts;
			sourceTree = "<group>";
		};
		263344DA27A6DC340086A5B3 = {
			isa = PBXGroup;
			children = (
				260CABE5290BFF6F00E93869 /* SwiftUIUIChallenges--iOS--Info.plist */,
				263344DF27A6DC340086A5B3 /* Shared */,
				263344EE27A6DC360086A5B3 /* macOS */,
				26066F6B292E6480009F8B81 /* SwiftUIUIChallengesUITests */,
				263344E827A6DC350086A5B3 /* Products */,
			);
			sourceTree = "<group>";
		};
		263344DF27A6DC340086A5B3 /* Shared */ = {
			isa = PBXGroup;
			children = (
				26E64558291FB3AB00B23E8E /* CustomUIViews */,
				260CABDB290BFF2500E93869 /* Fonts */,
				26C4090228EC3AE50064F435 /* Extension */,
				26A4D29A28EC399F00FB785A /* FoodView */,
				26688C5E27FF5C50005FC995 /* Views */,
				26688C5D27FF5C43005FC995 /* Model */,
				263344E227A6DC350086A5B3 /* Assets.xcassets */,
				263344E127A6DC340086A5B3 /* ContentView.swift */,
				263344FE27A6DD1C0086A5B3 /* DayOneView.swift */,
				263344E027A6DC340086A5B3 /* SwiftUIUIChallengesApp.swift */,
				26688C6527FF61A8005FC995 /* SnapCarousel.swift */,
				260CABE6290BFFC100E93869 /* Theme.swift */,
			);
			path = Shared;
			sourceTree = "<group>";
		};
		263344E827A6DC350086A5B3 /* Products */ = {
			isa = PBXGroup;
			children = (
				263344E727A6DC350086A5B3 /* SwiftUIUIChallenges.app */,
				263344ED27A6DC360086A5B3 /* SwiftUIUIChallenges.app */,
				26066F6A292E6480009F8B81 /* SwiftUIUIChallengesUITests.xctest */,
			);
			name = Products;
			sourceTree = "<group>";
		};
		263344EE27A6DC360086A5B3 /* macOS */ = {
			isa = PBXGroup;
			children = (
				263344EF27A6DC360086A5B3 /* macOS.entitlements */,
			);
			path = macOS;
			sourceTree = "<group>";
		};
		26688C5D27FF5C43005FC995 /* Model */ = {
			isa = PBXGroup;
			children = (
				26688C5F27FF5C5C005FC995 /* Movie.swift */,
			);
			path = Model;
			sourceTree = "<group>";
		};
		26688C5E27FF5C50005FC995 /* Views */ = {
			isa = PBXGroup;
			children = (
				26688C6327FF5DF8005FC995 /* MovieHomeView.swift */,
			);
			path = Views;
			sourceTree = "<group>";
		};
		26A4D29A28EC399F00FB785A /* FoodView */ = {
			isa = PBXGroup;
			children = (
				26A4D29B28EC39B900FB785A /* FoodMainView.swift */,
				260CABEC290C05DE00E93869 /* CategoryBarView.swift */,
				260CABEF290C0A2C00E93869 /* FoodRow.swift */,
				26066F75292E6F7C009F8B81 /* FoodDetailView.swift */,
			);
			path = FoodView;
			sourceTree = "<group>";
		};
		26C4090228EC3AE50064F435 /* Extension */ = {
			isa = PBXGroup;
			children = (
				26C4090328EC3AF20064F435 /* ColorExtension.swift */,
			);
			path = Extension;
			sourceTree = "<group>";
		};
		26E64558291FB3AB00B23E8E /* CustomUIViews */ = {
			isa = PBXGroup;
			children = (
				260CABF2290DB22900E93869 /* CompositionalView.swift */,
				26E64556291FB00300B23E8E /* TagView.swift */,
				260CABF5290DBC5700E93869 /* AdaptiveView.swift */,
				26E6455A291FB8EA00B23E8E /* CustomLayout.swift */,
				26521949292FB95C001E070B /* ObservableScrollView.swift */,
			);
			path = CustomUIViews;
			sourceTree = "<group>";
		};
/* End PBXGroup section */

/* Begin PBXNativeTarget section */
		26066F69292E6480009F8B81 /* SwiftUIUIChallengesUITests */ = {
			isa = PBXNativeTarget;
			buildConfigurationList = 26066F74292E6480009F8B81 /* Build configuration list for PBXNativeTarget "SwiftUIUIChallengesUITests" */;
			buildPhases = (
				26066F66292E6480009F8B81 /* Sources */,
				26066F67292E6480009F8B81 /* Frameworks */,
				26066F68292E6480009F8B81 /* Resources */,
			);
			buildRules = (
			);
			dependencies = (
				26066F71292E6480009F8B81 /* PBXTargetDependency */,
			);
			name = SwiftUIUIChallengesUITests;
			productName = SwiftUIUIChallengesUITests;
			productReference = 26066F6A292E6480009F8B81 /* SwiftUIUIChallengesUITests.xctest */;
			productType = "com.apple.product-type.bundle.ui-testing";
		};
		263344E627A6DC350086A5B3 /* SwiftUIUIChallenges (iOS) */ = {
			isa = PBXNativeTarget;
			buildConfigurationList = 263344F827A6DC360086A5B3 /* Build configuration list for PBXNativeTarget "SwiftUIUIChallenges (iOS)" */;
			buildPhases = (
				26688C6227FF5D97005FC995 /* SwiftLint */,
				263344E327A6DC350086A5B3 /* Sources */,
				263344E427A6DC350086A5B3 /* Frameworks */,
				263344E527A6DC350086A5B3 /* Resources */,
			);
			buildRules = (
			);
			dependencies = (
			);
			name = "SwiftUIUIChallenges (iOS)";
			productName = "SwiftUIUIChallenges (iOS)";
			productReference = 263344E727A6DC350086A5B3 /* SwiftUIUIChallenges.app */;
			productType = "com.apple.product-type.application";
		};
		263344EC27A6DC360086A5B3 /* SwiftUIUIChallenges (macOS) */ = {
			isa = PBXNativeTarget;
			buildConfigurationList = 263344FB27A6DC360086A5B3 /* Build configuration list for PBXNativeTarget "SwiftUIUIChallenges (macOS)" */;
			buildPhases = (
				263344E927A6DC360086A5B3 /* Sources */,
				263344EA27A6DC360086A5B3 /* Frameworks */,
				263344EB27A6DC360086A5B3 /* Resources */,
			);
			buildRules = (
			);
			dependencies = (
			);
			name = "SwiftUIUIChallenges (macOS)";
			productName = "SwiftUIUIChallenges (macOS)";
			productReference = 263344ED27A6DC360086A5B3 /* SwiftUIUIChallenges.app */;
			productType = "com.apple.product-type.application";
		};
/* End PBXNativeTarget section */

/* Begin PBXProject section */
		263344DB27A6DC340086A5B3 /* Project object */ = {
			isa = PBXProject;
			attributes = {
				BuildIndependentTargetsInParallel = 1;
				LastSwiftUpdateCheck = 1410;
				LastUpgradeCheck = 1400;
				TargetAttributes = {
					26066F69292E6480009F8B81 = {
						CreatedOnToolsVersion = 14.1;
						TestTargetID = 263344E627A6DC350086A5B3;
					};
					263344E627A6DC350086A5B3 = {
						CreatedOnToolsVersion = 13.2.1;
					};
					263344EC27A6DC360086A5B3 = {
						CreatedOnToolsVersion = 13.2.1;
					};
				};
			};
			buildConfigurationList = 263344DE27A6DC340086A5B3 /* Build configuration list for PBXProject "SwiftUIUIChallenges" */;
			compatibilityVersion = "Xcode 13.0";
			developmentRegion = en;
			hasScannedForEncodings = 0;
			knownRegions = (
				en,
				Base,
			);
			mainGroup = 263344DA27A6DC340086A5B3;
			productRefGroup = 263344E827A6DC350086A5B3 /* Products */;
			projectDirPath = "";
			projectRoot = "";
			targets = (
				263344E627A6DC350086A5B3 /* SwiftUIUIChallenges (iOS) */,
				263344EC27A6DC360086A5B3 /* SwiftUIUIChallenges (macOS) */,
				26066F69292E6480009F8B81 /* SwiftUIUIChallengesUITests */,
			);
		};
/* End PBXProject section */

/* Begin PBXResourcesBuildPhase section */
		26066F68292E6480009F8B81 /* Resources */ = {
			isa = PBXResourcesBuildPhase;
			buildActionMask = 2147483647;
			files = (
			);
			runOnlyForDeploymentPostprocessing = 0;
		};
		263344E527A6DC350086A5B3 /* Resources */ = {
			isa = PBXResourcesBuildPhase;
			buildActionMask = 2147483647;
			files = (
				260CABE1290BFF5600E93869 /* Poppins-Regular.ttf in Resources */,
				26521947292FA254001E070B /* Poppins-Light.ttf in Resources */,
				260CABE3290BFF5600E93869 /* Poppins-SemiBold.ttf in Resources */,
				263344F427A6DC360086A5B3 /* Assets.xcassets in Resources */,
				260CABDF290BFF5600E93869 /* Poppins-Bold.ttf in Resources */,
			);
			runOnlyForDeploymentPostprocessing = 0;
		};
		263344EB27A6DC360086A5B3 /* Resources */ = {
			isa = PBXResourcesBuildPhase;
			buildActionMask = 2147483647;
			files = (
				260CABE2290BFF5600E93869 /* Poppins-Regular.ttf in Resources */,
				26521948292FA254001E070B /* Poppins-Light.ttf in Resources */,
				260CABE4290BFF5600E93869 /* Poppins-SemiBold.ttf in Resources */,
				263344F527A6DC360086A5B3 /* Assets.xcassets in Resources */,
				260CABE0290BFF5600E93869 /* Poppins-Bold.ttf in Resources */,
			);
			runOnlyForDeploymentPostprocessing = 0;
		};
/* End PBXResourcesBuildPhase section */

/* Begin PBXShellScriptBuildPhase section */
		26688C6227FF5D97005FC995 /* SwiftLint */ = {
			isa = PBXShellScriptBuildPhase;
			alwaysOutOfDate = 1;
			buildActionMask = 2147483647;
			files = (
			);
			inputFileListPaths = (
			);
			inputPaths = (
			);
			name = SwiftLint;
			outputFileListPaths = (
			);
			outputPaths = (
			);
			runOnlyForDeploymentPostprocessing = 0;
			shellPath = /bin/sh;
			shellScript = "#export PATH=\"$PATH:/opt/homebrew/bin\"\n\n#if which swiftlint >/dev/null; then\n#  swiftlint --fix && swiftlint\n#else\n#  echo \"warning: SwiftLint not installed, download from https://github.com/realm/SwiftLint\"\n#fi\n";
		};
/* End PBXShellScriptBuildPhase section */

/* Begin PBXSourcesBuildPhase section */
		26066F66292E6480009F8B81 /* Sources */ = {
			isa = PBXSourcesBuildPhase;
			buildActionMask = 2147483647;
			files = (
				26066F6D292E6480009F8B81 /* SwiftUIUIChallengesUITests.swift in Sources */,
			);
			runOnlyForDeploymentPostprocessing = 0;
		};
		263344E327A6DC350086A5B3 /* Sources */ = {
			isa = PBXSourcesBuildPhase;
			buildActionMask = 2147483647;
			files = (
				260CABED290C05DE00E93869 /* CategoryBarView.swift in Sources */,
				260CABF0290C0A2C00E93869 /* FoodRow.swift in Sources */,
				260CABE7290BFFC100E93869 /* Theme.swift in Sources */,
				26688C6427FF5DF8005FC995 /* MovieHomeView.swift in Sources */,
				26688C6627FF61A8005FC995 /* SnapCarousel.swift in Sources */,
				26066F76292E6F7C009F8B81 /* FoodDetailView.swift in Sources */,
				263344F227A6DC360086A5B3 /* ContentView.swift in Sources */,
				26E6455B291FB8EA00B23E8E /* CustomLayout.swift in Sources */,
				260CABF3290DB22900E93869 /* CompositionalView.swift in Sources */,
				26C4090428EC3AF20064F435 /* ColorExtension.swift in Sources */,
				263344F027A6DC360086A5B3 /* SwiftUIUIChallengesApp.swift in Sources */,
				2652194A292FB95C001E070B /* ObservableScrollView.swift in Sources */,
				26688C6027FF5C5C005FC995 /* Movie.swift in Sources */,
				263344FF27A6DD1C0086A5B3 /* DayOneView.swift in Sources */,
				26E64557291FB00300B23E8E /* TagView.swift in Sources */,
				260CABF6290DBC5700E93869 /* AdaptiveView.swift in Sources */,
				26A4D29C28EC39B900FB785A /* FoodMainView.swift in Sources */,
			);
			runOnlyForDeploymentPostprocessing = 0;
		};
		263344E927A6DC360086A5B3 /* Sources */ = {
			isa = PBXSourcesBuildPhase;
			buildActionMask = 2147483647;
			files = (
				26521942292F85A1001E070B /* MovieHomeView.swift in Sources */,
				260CABEE290C05DE00E93869 /* CategoryBarView.swift in Sources */,
				263344F327A6DC360086A5B3 /* ContentView.swift in Sources */,
				260CABE8290BFFC100E93869 /* Theme.swift in Sources */,
				2652193F292F84FA001E070B /* FoodMainView.swift in Sources */,
				260CABF4290DB22900E93869 /* CompositionalView.swift in Sources */,
				26521944292F85C7001E070B /* Movie.swift in Sources */,
				263344F127A6DC360086A5B3 /* SwiftUIUIChallengesApp.swift in Sources */,
				26521940292F8501001E070B /* CustomLayout.swift in Sources */,
				260CABF1290C0A2C00E93869 /* FoodRow.swift in Sources */,
				26521943292F85B6001E070B /* SnapCarousel.swift in Sources */,
				2652194B292FB95C001E070B /* ObservableScrollView.swift in Sources */,
				260CABF7290DBC5700E93869 /* AdaptiveView.swift in Sources */,
				2633450027A6DD1C0086A5B3 /* DayOneView.swift in Sources */,
				26E64559291FB3B500B23E8E /* TagView.swift in Sources */,
				26066F77292E6F7C009F8B81 /* FoodDetailView.swift in Sources */,
				26521941292F8508001E070B /* ColorExtension.swift in Sources */,
			);
			runOnlyForDeploymentPostprocessing = 0;
		};
/* End PBXSourcesBuildPhase section */

/* Begin PBXTargetDependency section */
		26066F71292E6480009F8B81 /* PBXTargetDependency */ = {
			isa = PBXTargetDependency;
			target = 263344E627A6DC350086A5B3 /* SwiftUIUIChallenges (iOS) */;
			targetProxy = 26066F70292E6480009F8B81 /* PBXContainerItemProxy */;
		};
/* End PBXTargetDependency section */

/* Begin XCBuildConfiguration section */
		26066F72292E6480009F8B81 /* Debug */ = {
			isa = XCBuildConfiguration;
			buildSettings = {
				CLANG_CXX_LANGUAGE_STANDARD = "gnu++20";
				CODE_SIGN_STYLE = Automatic;
				CURRENT_PROJECT_VERSION = 1;
				DEVELOPMENT_TEAM = PG38Z7C9FC;
				GENERATE_INFOPLIST_FILE = YES;
				IPHONEOS_DEPLOYMENT_TARGET = 16.1;
				MARKETING_VERSION = 1.0;
				PRODUCT_BUNDLE_IDENTIFIER = nl.newnexus.SwiftUIUIChallengesUITests;
				PRODUCT_NAME = "$(TARGET_NAME)";
				SDKROOT = iphoneos;
				SWIFT_EMIT_LOC_STRINGS = NO;
				SWIFT_VERSION = 5.0;
				TARGETED_DEVICE_FAMILY = "1,2";
				TEST_TARGET_NAME = "SwiftUIUIChallenges (iOS)";
			};
			name = Debug;
		};
		26066F73292E6480009F8B81 /* Release */ = {
			isa = XCBuildConfiguration;
			buildSettings = {
				CLANG_CXX_LANGUAGE_STANDARD = "gnu++20";
				CODE_SIGN_STYLE = Automatic;
				CURRENT_PROJECT_VERSION = 1;
				DEVELOPMENT_TEAM = PG38Z7C9FC;
				GENERATE_INFOPLIST_FILE = YES;
				IPHONEOS_DEPLOYMENT_TARGET = 16.1;
				MARKETING_VERSION = 1.0;
				PRODUCT_BUNDLE_IDENTIFIER = nl.newnexus.SwiftUIUIChallengesUITests;
				PRODUCT_NAME = "$(TARGET_NAME)";
				SDKROOT = iphoneos;
				SWIFT_EMIT_LOC_STRINGS = NO;
				SWIFT_VERSION = 5.0;
				TARGETED_DEVICE_FAMILY = "1,2";
				TEST_TARGET_NAME = "SwiftUIUIChallenges (iOS)";
				VALIDATE_PRODUCT = YES;
			};
			name = Release;
		};
		263344F627A6DC360086A5B3 /* Debug */ = {
			isa = XCBuildConfiguration;
			buildSettings = {
				ALWAYS_SEARCH_USER_PATHS = NO;
				CLANG_ANALYZER_NONNULL = YES;
				CLANG_ANALYZER_NUMBER_OBJECT_CONVERSION = YES_AGGRESSIVE;
				CLANG_CXX_LANGUAGE_STANDARD = "gnu++17";
				CLANG_CXX_LIBRARY = "libc++";
				CLANG_ENABLE_MODULES = YES;
				CLANG_ENABLE_OBJC_ARC = YES;
				CLANG_ENABLE_OBJC_WEAK = YES;
				CLANG_WARN_BLOCK_CAPTURE_AUTORELEASING = YES;
				CLANG_WARN_BOOL_CONVERSION = YES;
				CLANG_WARN_COMMA = YES;
				CLANG_WARN_CONSTANT_CONVERSION = YES;
				CLANG_WARN_DEPRECATED_OBJC_IMPLEMENTATIONS = YES;
				CLANG_WARN_DIRECT_OBJC_ISA_USAGE = YES_ERROR;
				CLANG_WARN_DOCUMENTATION_COMMENTS = YES;
				CLANG_WARN_EMPTY_BODY = YES;
				CLANG_WARN_ENUM_CONVERSION = YES;
				CLANG_WARN_INFINITE_RECURSION = YES;
				CLANG_WARN_INT_CONVERSION = YES;
				CLANG_WARN_NON_LITERAL_NULL_CONVERSION = YES;
				CLANG_WARN_OBJC_IMPLICIT_RETAIN_SELF = YES;
				CLANG_WARN_OBJC_LITERAL_CONVERSION = YES;
				CLANG_WARN_OBJC_ROOT_CLASS = YES_ERROR;
				CLANG_WARN_QUOTED_INCLUDE_IN_FRAMEWORK_HEADER = YES;
				CLANG_WARN_RANGE_LOOP_ANALYSIS = YES;
				CLANG_WARN_STRICT_PROTOTYPES = YES;
				CLANG_WARN_SUSPICIOUS_MOVE = YES;
				CLANG_WARN_UNGUARDED_AVAILABILITY = YES_AGGRESSIVE;
				CLANG_WARN_UNREACHABLE_CODE = YES;
				CLANG_WARN__DUPLICATE_METHOD_MATCH = YES;
				COPY_PHASE_STRIP = NO;
				DEAD_CODE_STRIPPING = YES;
				DEBUG_INFORMATION_FORMAT = dwarf;
				ENABLE_STRICT_OBJC_MSGSEND = YES;
				ENABLE_TESTABILITY = YES;
				GCC_C_LANGUAGE_STANDARD = gnu11;
				GCC_DYNAMIC_NO_PIC = NO;
				GCC_NO_COMMON_BLOCKS = YES;
				GCC_OPTIMIZATION_LEVEL = 0;
				GCC_PREPROCESSOR_DEFINITIONS = (
					"DEBUG=1",
					"$(inherited)",
				);
				GCC_WARN_64_TO_32_BIT_CONVERSION = YES;
				GCC_WARN_ABOUT_RETURN_TYPE = YES_ERROR;
				GCC_WARN_UNDECLARED_SELECTOR = YES;
				GCC_WARN_UNINITIALIZED_AUTOS = YES_AGGRESSIVE;
				GCC_WARN_UNUSED_FUNCTION = YES;
				GCC_WARN_UNUSED_VARIABLE = YES;
				IPHONEOS_DEPLOYMENT_TARGET = 16.0;
				MTL_ENABLE_DEBUG_INFO = INCLUDE_SOURCE;
				MTL_FAST_MATH = YES;
				ONLY_ACTIVE_ARCH = YES;
				SWIFT_ACTIVE_COMPILATION_CONDITIONS = DEBUG;
				SWIFT_OPTIMIZATION_LEVEL = "-Onone";
			};
			name = Debug;
		};
		263344F727A6DC360086A5B3 /* Release */ = {
			isa = XCBuildConfiguration;
			buildSettings = {
				ALWAYS_SEARCH_USER_PATHS = NO;
				CLANG_ANALYZER_NONNULL = YES;
				CLANG_ANALYZER_NUMBER_OBJECT_CONVERSION = YES_AGGRESSIVE;
				CLANG_CXX_LANGUAGE_STANDARD = "gnu++17";
				CLANG_CXX_LIBRARY = "libc++";
				CLANG_ENABLE_MODULES = YES;
				CLANG_ENABLE_OBJC_ARC = YES;
				CLANG_ENABLE_OBJC_WEAK = YES;
				CLANG_WARN_BLOCK_CAPTURE_AUTORELEASING = YES;
				CLANG_WARN_BOOL_CONVERSION = YES;
				CLANG_WARN_COMMA = YES;
				CLANG_WARN_CONSTANT_CONVERSION = YES;
				CLANG_WARN_DEPRECATED_OBJC_IMPLEMENTATIONS = YES;
				CLANG_WARN_DIRECT_OBJC_ISA_USAGE = YES_ERROR;
				CLANG_WARN_DOCUMENTATION_COMMENTS = YES;
				CLANG_WARN_EMPTY_BODY = YES;
				CLANG_WARN_ENUM_CONVERSION = YES;
				CLANG_WARN_INFINITE_RECURSION = YES;
				CLANG_WARN_INT_CONVERSION = YES;
				CLANG_WARN_NON_LITERAL_NULL_CONVERSION = YES;
				CLANG_WARN_OBJC_IMPLICIT_RETAIN_SELF = YES;
				CLANG_WARN_OBJC_LITERAL_CONVERSION = YES;
				CLANG_WARN_OBJC_ROOT_CLASS = YES_ERROR;
				CLANG_WARN_QUOTED_INCLUDE_IN_FRAMEWORK_HEADER = YES;
				CLANG_WARN_RANGE_LOOP_ANALYSIS = YES;
				CLANG_WARN_STRICT_PROTOTYPES = YES;
				CLANG_WARN_SUSPICIOUS_MOVE = YES;
				CLANG_WARN_UNGUARDED_AVAILABILITY = YES_AGGRESSIVE;
				CLANG_WARN_UNREACHABLE_CODE = YES;
				CLANG_WARN__DUPLICATE_METHOD_MATCH = YES;
				COPY_PHASE_STRIP = NO;
				DEAD_CODE_STRIPPING = YES;
				DEBUG_INFORMATION_FORMAT = "dwarf-with-dsym";
				ENABLE_NS_ASSERTIONS = NO;
				ENABLE_STRICT_OBJC_MSGSEND = YES;
				GCC_C_LANGUAGE_STANDARD = gnu11;
				GCC_NO_COMMON_BLOCKS = YES;
				GCC_WARN_64_TO_32_BIT_CONVERSION = YES;
				GCC_WARN_ABOUT_RETURN_TYPE = YES_ERROR;
				GCC_WARN_UNDECLARED_SELECTOR = YES;
				GCC_WARN_UNINITIALIZED_AUTOS = YES_AGGRESSIVE;
				GCC_WARN_UNUSED_FUNCTION = YES;
				GCC_WARN_UNUSED_VARIABLE = YES;
				IPHONEOS_DEPLOYMENT_TARGET = 16.0;
				MTL_ENABLE_DEBUG_INFO = NO;
				MTL_FAST_MATH = YES;
				SWIFT_COMPILATION_MODE = wholemodule;
				SWIFT_OPTIMIZATION_LEVEL = "-O";
			};
			name = Release;
		};
		263344F927A6DC360086A5B3 /* Debug */ = {
			isa = XCBuildConfiguration;
			buildSettings = {
				ASSETCATALOG_COMPILER_APPICON_NAME = AppIcon;
				ASSETCATALOG_COMPILER_GLOBAL_ACCENT_COLOR_NAME = AccentColor;
				CODE_SIGN_STYLE = Automatic;
				CURRENT_PROJECT_VERSION = 1;
				DEVELOPMENT_TEAM = PG38Z7C9FC;
				ENABLE_PREVIEWS = YES;
				GENERATE_INFOPLIST_FILE = YES;
				INFOPLIST_FILE = "SwiftUIUIChallenges--iOS--Info.plist";
				INFOPLIST_KEY_UIApplicationSceneManifest_Generation = YES;
				INFOPLIST_KEY_UIApplicationSupportsIndirectInputEvents = YES;
				INFOPLIST_KEY_UILaunchScreen_Generation = YES;
				INFOPLIST_KEY_UISupportedInterfaceOrientations_iPad = "UIInterfaceOrientationPortrait UIInterfaceOrientationPortraitUpsideDown UIInterfaceOrientationLandscapeLeft UIInterfaceOrientationLandscapeRight";
				INFOPLIST_KEY_UISupportedInterfaceOrientations_iPhone = "UIInterfaceOrientationPortrait UIInterfaceOrientationLandscapeLeft UIInterfaceOrientationLandscapeRight";
				IPHONEOS_DEPLOYMENT_TARGET = 16.0;
				LD_RUNPATH_SEARCH_PATHS = (
					"$(inherited)",
					"@executable_path/Frameworks",
				);
				MARKETING_VERSION = 1.0;
				PRODUCT_BUNDLE_IDENTIFIER = wms.SwiftUIUIChallenges;
				PRODUCT_NAME = SwiftUIUIChallenges;
				SDKROOT = iphoneos;
				SUPPORTED_PLATFORMS = "iphoneos iphonesimulator";
				SUPPORTS_MACCATALYST = NO;
				SUPPORTS_MAC_DESIGNED_FOR_IPHONE_IPAD = NO;
				SWIFT_EMIT_LOC_STRINGS = YES;
				SWIFT_VERSION = 5.0;
				TARGETED_DEVICE_FAMILY = "1,2";
			};
			name = Debug;
		};
		263344FA27A6DC360086A5B3 /* Release */ = {
			isa = XCBuildConfiguration;
			buildSettings = {
				ASSETCATALOG_COMPILER_APPICON_NAME = AppIcon;
				ASSETCATALOG_COMPILER_GLOBAL_ACCENT_COLOR_NAME = AccentColor;
				CODE_SIGN_STYLE = Automatic;
				CURRENT_PROJECT_VERSION = 1;
				DEVELOPMENT_TEAM = PG38Z7C9FC;
				ENABLE_PREVIEWS = YES;
				GENERATE_INFOPLIST_FILE = YES;
				INFOPLIST_FILE = "SwiftUIUIChallenges--iOS--Info.plist";
				INFOPLIST_KEY_UIApplicationSceneManifest_Generation = YES;
				INFOPLIST_KEY_UIApplicationSupportsIndirectInputEvents = YES;
				INFOPLIST_KEY_UILaunchScreen_Generation = YES;
				INFOPLIST_KEY_UISupportedInterfaceOrientations_iPad = "UIInterfaceOrientationPortrait UIInterfaceOrientationPortraitUpsideDown UIInterfaceOrientationLandscapeLeft UIInterfaceOrientationLandscapeRight";
				INFOPLIST_KEY_UISupportedInterfaceOrientations_iPhone = "UIInterfaceOrientationPortrait UIInterfaceOrientationLandscapeLeft UIInterfaceOrientationLandscapeRight";
				IPHONEOS_DEPLOYMENT_TARGET = 16.0;
				LD_RUNPATH_SEARCH_PATHS = (
					"$(inherited)",
					"@executable_path/Frameworks",
				);
				MARKETING_VERSION = 1.0;
				PRODUCT_BUNDLE_IDENTIFIER = wms.SwiftUIUIChallenges;
				PRODUCT_NAME = SwiftUIUIChallenges;
				SDKROOT = iphoneos;
				SUPPORTED_PLATFORMS = "iphoneos iphonesimulator";
				SUPPORTS_MACCATALYST = NO;
				SUPPORTS_MAC_DESIGNED_FOR_IPHONE_IPAD = NO;
				SWIFT_EMIT_LOC_STRINGS = YES;
				SWIFT_VERSION = 5.0;
				TARGETED_DEVICE_FAMILY = "1,2";
				VALIDATE_PRODUCT = YES;
			};
			name = Release;
		};
		263344FC27A6DC360086A5B3 /* Debug */ = {
			isa = XCBuildConfiguration;
			buildSettings = {
				ASSETCATALOG_COMPILER_APPICON_NAME = AppIcon;
				ASSETCATALOG_COMPILER_GLOBAL_ACCENT_COLOR_NAME = AccentColor;
				CODE_SIGN_ENTITLEMENTS = macOS/macOS.entitlements;
				CODE_SIGN_IDENTITY = "-";
				CODE_SIGN_STYLE = Automatic;
				COMBINE_HIDPI_IMAGES = YES;
				CURRENT_PROJECT_VERSION = 1;
				DEAD_CODE_STRIPPING = YES;
				DEVELOPMENT_TEAM = PG38Z7C9FC;
				ENABLE_HARDENED_RUNTIME = YES;
				ENABLE_PREVIEWS = YES;
				GENERATE_INFOPLIST_FILE = YES;
				INFOPLIST_FILE = "SwiftUIUIChallenges--macOS--Info.plist";
				INFOPLIST_KEY_NSHumanReadableCopyright = "";
				LD_RUNPATH_SEARCH_PATHS = (
					"$(inherited)",
					"@executable_path/../Frameworks",
				);
				MACOSX_DEPLOYMENT_TARGET = 13.0;
				MARKETING_VERSION = 1.0;
				PRODUCT_BUNDLE_IDENTIFIER = wms.SwiftUIUIChallenges;
				PRODUCT_NAME = SwiftUIUIChallenges;
				SDKROOT = macosx;
				SWIFT_EMIT_LOC_STRINGS = YES;
				SWIFT_VERSION = 5.0;
			};
			name = Debug;
		};
		263344FD27A6DC360086A5B3 /* Release */ = {
			isa = XCBuildConfiguration;
			buildSettings = {
				ASSETCATALOG_COMPILER_APPICON_NAME = AppIcon;
				ASSETCATALOG_COMPILER_GLOBAL_ACCENT_COLOR_NAME = AccentColor;
				CODE_SIGN_ENTITLEMENTS = macOS/macOS.entitlements;
				CODE_SIGN_IDENTITY = "-";
				CODE_SIGN_STYLE = Automatic;
				COMBINE_HIDPI_IMAGES = YES;
				CURRENT_PROJECT_VERSION = 1;
				DEAD_CODE_STRIPPING = YES;
				DEVELOPMENT_TEAM = PG38Z7C9FC;
				ENABLE_HARDENED_RUNTIME = YES;
				ENABLE_PREVIEWS = YES;
				GENERATE_INFOPLIST_FILE = YES;
				INFOPLIST_FILE = "SwiftUIUIChallenges--macOS--Info.plist";
				INFOPLIST_KEY_NSHumanReadableCopyright = "";
				LD_RUNPATH_SEARCH_PATHS = (
					"$(inherited)",
					"@executable_path/../Frameworks",
				);
				MACOSX_DEPLOYMENT_TARGET = 13.0;
				MARKETING_VERSION = 1.0;
				PRODUCT_BUNDLE_IDENTIFIER = wms.SwiftUIUIChallenges;
				PRODUCT_NAME = SwiftUIUIChallenges;
				SDKROOT = macosx;
				SWIFT_EMIT_LOC_STRINGS = YES;
				SWIFT_VERSION = 5.0;
			};
			name = Release;
		};
/* End XCBuildConfiguration section */

/* Begin XCConfigurationList section */
		26066F74292E6480009F8B81 /* Build configuration list for PBXNativeTarget "SwiftUIUIChallengesUITests" */ = {
			isa = XCConfigurationList;
			buildConfigurations = (
				26066F72292E6480009F8B81 /* Debug */,
				26066F73292E6480009F8B81 /* Release */,
			);
			defaultConfigurationIsVisible = 0;
			defaultConfigurationName = Release;
		};
		263344DE27A6DC340086A5B3 /* Build configuration list for PBXProject "SwiftUIUIChallenges" */ = {
			isa = XCConfigurationList;
			buildConfigurations = (
				263344F627A6DC360086A5B3 /* Debug */,
				263344F727A6DC360086A5B3 /* Release */,
			);
			defaultConfigurationIsVisible = 0;
			defaultConfigurationName = Release;
		};
		263344F827A6DC360086A5B3 /* Build configuration list for PBXNativeTarget "SwiftUIUIChallenges (iOS)" */ = {
			isa = XCConfigurationList;
			buildConfigurations = (
				263344F927A6DC360086A5B3 /* Debug */,
				263344FA27A6DC360086A5B3 /* Release */,
			);
			defaultConfigurationIsVisible = 0;
			defaultConfigurationName = Release;
		};
		263344FB27A6DC360086A5B3 /* Build configuration list for PBXNativeTarget "SwiftUIUIChallenges (macOS)" */ = {
			isa = XCConfigurationList;
			buildConfigurations = (
				263344FC27A6DC360086A5B3 /* Debug */,
				263344FD27A6DC360086A5B3 /* Release */,
			);
			defaultConfigurationIsVisible = 0;
			defaultConfigurationName = Release;
		};
/* End XCConfigurationList section */
	};
	rootObject = 263344DB27A6DC340086A5B3 /* Project object */;
}
